
Microsoft Visual Studio Solution File, Format Version 12.00
# Visual Studio Version 17
VisualStudioVersion = 17.2.32519.379
MinimumVisualStudioVersion = 10.0.40219.1
Project("{FAE04EC0-301F-11D3-BF4B-00C04F79EFBC}") = "PPT - Pedra Papel e Tesoura", "PPT - Pedra Papel e Tesoura.csproj", "{14CCD6BA-C899-403C-A311-B13B15A3DFD1}"
EndProject
Global
	GlobalSection(SolutionConfigurationPlatforms) = preSolution
		Debug|Any CPU = Debug|Any CPU
		Release|Any CPU = Release|Any CPU
	EndGlobalSection
	GlobalSection(ProjectConfigurationPlatforms) = postSolution
		{14CCD6BA-C899-403C-A311-B13B15A3DFD1}.Debug|Any CPU.ActiveCfg = Debug|Any CPU
		{14CCD6BA-C899-403C-A311-B13B15A3DFD1}.Debug|Any CPU.Build.0 = Debug|Any CPU
		{14CCD6BA-C899-403C-A311-B13B15A3DFD1}.Release|Any CPU.ActiveCfg = Release|Any CPU
		{14CCD6BA-C899-403C-A311-B13B15A3DFD1}.Release|Any CPU.Build.0 = Release|Any CPU
	EndGlobalSection
	GlobalSection(SolutionProperties) = preSolution
		HideSolutionNode = FALSE
	EndGlobalSection
	GlobalSection(ExtensibilityGlobals) = postSolution
		SolutionGuid = {EC8C854B-DA27-4816-B67C-62FE9FCEAAF1}
	EndGlobalSection
EndGlobal
